
Microsoft Visual Studio Solution File, Format Version 12.00
# Visual Studio Version 16
VisualStudioVersion = 16.0.31402.337
MinimumVisualStudioVersion = 10.0.40219.1
Project("{FAE04EC0-301F-11D3-BF4B-00C04F79EFBC}") = "NijiCC2", "NijiCC2.csproj", "{FC127175-66C8-411B-B7B3-2B769966F564}"
EndProject
Global
	GlobalSection(SolutionConfigurationPlatforms) = preSolution
		Debug|Any CPU = Debug|Any CPU
		Release|Any CPU = Release|Any CPU
	EndGlobalSection
	GlobalSection(ProjectConfigurationPlatforms) = postSolution
		{FC127175-66C8-411B-B7B3-2B769966F564}.Debug|Any CPU.ActiveCfg = Debug|Any CPU
		{FC127175-66C8-411B-B7B3-2B769966F564}.Debug|Any CPU.Build.0 = Debug|Any CPU
		{FC127175-66C8-411B-B7B3-2B769966F564}.Release|Any CPU.ActiveCfg = Release|Any CPU
		{FC127175-66C8-411B-B7B3-2B769966F564}.Release|Any CPU.Build.0 = Release|Any CPU
	EndGlobalSection
	GlobalSection(SolutionProperties) = preSolution
		HideSolutionNode = FALSE
	EndGlobalSection
	GlobalSection(ExtensibilityGlobals) = postSolution
		SolutionGuid = {FF89173C-3075-4BD4-BB8D-67FD8017DA9B}
	EndGlobalSection
EndGlobal
